
Microsoft Visual Studio Solution File, Format Version 12.00
# Visual Studio Version 17
VisualStudioVersion = 17.11.35327.3
MinimumVisualStudioVersion = 10.0.40219.1
Project("{FAE04EC0-301F-11D3-BF4B-00C04F79EFBC}") = "PryFront_Marathon", "PryFront_Marathon\PryFront_Marathon.csproj", "{D77A6FAE-2F67-4602-8A2C-4F7D7FD6CB27}"
EndProject
Global
	GlobalSection(SolutionConfigurationPlatforms) = preSolution
		Debug|Any CPU = Debug|Any CPU
		Release|Any CPU = Release|Any CPU
	EndGlobalSection
	GlobalSection(ProjectConfigurationPlatforms) = postSolution
		{D77A6FAE-2F67-4602-8A2C-4F7D7FD6CB27}.Debug|Any CPU.ActiveCfg = Debug|Any CPU
		{D77A6FAE-2F67-4602-8A2C-4F7D7FD6CB27}.Debug|Any CPU.Build.0 = Debug|Any CPU
		{D77A6FAE-2F67-4602-8A2C-4F7D7FD6CB27}.Release|Any CPU.ActiveCfg = Release|Any CPU
		{D77A6FAE-2F67-4602-8A2C-4F7D7FD6CB27}.Release|Any CPU.Build.0 = Release|Any CPU
	EndGlobalSection
	GlobalSection(SolutionProperties) = preSolution
		HideSolutionNode = FALSE
	EndGlobalSection
	GlobalSection(ExtensibilityGlobals) = postSolution
		SolutionGuid = {EF6D0B7A-B1E8-47CB-A84B-89591E4892F1}
	EndGlobalSection
EndGlobal
